<?xml version="1.0" encoding="utf-8"?>
<Project ToolsVersion="4.0" xmlns="http://schemas.microsoft.com/developer/msbuild/2003">
  <ItemGroup>
    <Filter Include="Kengine">
      <UniqueIdentifier>{2641A984-9220-2820-9B38-B3F607978E81}</UniqueIdentifier>
    </Filter>
    <Filter Include="Kengine\Events">
      <UniqueIdentifier>{4A66D120-3634-C526-1FC8-354D0B35A18B}</UniqueIdentifier>
    </Filter>
  </ItemGroup>
  <ItemGroup>
    <ClInclude Include="src\Kengine.h" />
    <ClInclude Include="src\Kengine\Application.h">
      <Filter>Kengine</Filter>
    </ClInclude>
    <ClInclude Include="src\Kengine\Core.h">
      <Filter>Kengine</Filter>
    </ClInclude>
    <ClInclude Include="src\Kengine\EntryPoint.h">
      <Filter>Kengine</Filter>
    </ClInclude>
    <ClInclude Include="src\Kengine\Events\ApplicationEvent.h">
      <Filter>Kengine\Events</Filter>
    </ClInclude>
    <ClInclude Include="src\Kengine\Events\Event.h">
      <Filter>Kengine\Events</Filter>
    </ClInclude>
    <ClInclude Include="src\Kengine\Events\KeyEvent.h">
      <Filter>Kengine\Events</Filter>
    </ClInclude>
    <ClInclude Include="src\Kengine\Events\MouseEvent.h">
      <Filter>Kengine\Events</Filter>
    </ClInclude>
    <ClInclude Include="src\Kengine\Log.h">
      <Filter>Kengine</Filter>
    </ClInclude>
    <ClInclude Include="src\hzpch.h" />
  </ItemGroup>
  <ItemGroup>
    <ClCompile Include="src\Kengine\Application.cpp">
      <Filter>Kengine</Filter>
    </ClCompile>
    <ClCompile Include="src\Kengine\Log.cpp">
      <Filter>Kengine</Filter>
    </ClCompile>
    <ClCompile Include="src\hzpch.cpp" />
  </ItemGroup>
</Project>